
Microsoft Visual Studio Solution File, Format Version 12.00
# Visual Studio Version 17
VisualStudioVersion = 17.3.32901.215
MinimumVisualStudioVersion = 10.0.40219.1
Project("{FAE04EC0-301F-11D3-BF4B-00C04F79EFBC}") = "Es21_EsercizioDB", "Es21_EsercizioDB\Es21_EsercizioDB.csproj", "{038023E0-0D97-44FD-8ADD-EA1B1518DF22}"
EndProject
Global
	GlobalSection(SolutionConfigurationPlatforms) = preSolution
		Debug|Any CPU = Debug|Any CPU
		Release|Any CPU = Release|Any CPU
	EndGlobalSection
	GlobalSection(ProjectConfigurationPlatforms) = postSolution
		{038023E0-0D97-44FD-8ADD-EA1B1518DF22}.Debug|Any CPU.ActiveCfg = Debug|Any CPU
		{038023E0-0D97-44FD-8ADD-EA1B1518DF22}.Debug|Any CPU.Build.0 = Debug|Any CPU
		{038023E0-0D97-44FD-8ADD-EA1B1518DF22}.Release|Any CPU.ActiveCfg = Release|Any CPU
		{038023E0-0D97-44FD-8ADD-EA1B1518DF22}.Release|Any CPU.Build.0 = Release|Any CPU
	EndGlobalSection
	GlobalSection(SolutionProperties) = preSolution
		HideSolutionNode = FALSE
	EndGlobalSection
	GlobalSection(ExtensibilityGlobals) = postSolution
		SolutionGuid = {A4E4A5C6-73BD-45DF-BF4B-073049E95899}
	EndGlobalSection
EndGlobal
