
Microsoft Visual Studio Solution File, Format Version 12.00
# Visual Studio Version 17
VisualStudioVersion = 17.3.32901.215
MinimumVisualStudioVersion = 10.0.40219.1
Project("{FAE04EC0-301F-11D3-BF4B-00C04F79EFBC}") = "Thread4", "Thread4\Thread4.csproj", "{AE1BF1D1-52A0-4CC5-83F1-DD70D67D046B}"
EndProject
Global
	GlobalSection(SolutionConfigurationPlatforms) = preSolution
		Debug|Any CPU = Debug|Any CPU
		Release|Any CPU = Release|Any CPU
	EndGlobalSection
	GlobalSection(ProjectConfigurationPlatforms) = postSolution
		{AE1BF1D1-52A0-4CC5-83F1-DD70D67D046B}.Debug|Any CPU.ActiveCfg = Debug|Any CPU
		{AE1BF1D1-52A0-4CC5-83F1-DD70D67D046B}.Debug|Any CPU.Build.0 = Debug|Any CPU
		{AE1BF1D1-52A0-4CC5-83F1-DD70D67D046B}.Release|Any CPU.ActiveCfg = Release|Any CPU
		{AE1BF1D1-52A0-4CC5-83F1-DD70D67D046B}.Release|Any CPU.Build.0 = Release|Any CPU
	EndGlobalSection
	GlobalSection(SolutionProperties) = preSolution
		HideSolutionNode = FALSE
	EndGlobalSection
	GlobalSection(ExtensibilityGlobals) = postSolution
		SolutionGuid = {039B68D4-10B3-4224-8498-E19D39BFFBD6}
	EndGlobalSection
EndGlobal
