
Microsoft Visual Studio Solution File, Format Version 12.00
# Visual Studio Version 17
VisualStudioVersion = 17.3.32901.215
MinimumVisualStudioVersion = 10.0.40219.1
Project("{FAE04EC0-301F-11D3-BF4B-00C04F79EFBC}") = "thread7", "thread7\thread7.csproj", "{A867A5BB-0FCB-4016-82B4-B52693DA0C8B}"
EndProject
Global
	GlobalSection(SolutionConfigurationPlatforms) = preSolution
		Debug|Any CPU = Debug|Any CPU
		Release|Any CPU = Release|Any CPU
	EndGlobalSection
	GlobalSection(ProjectConfigurationPlatforms) = postSolution
		{A867A5BB-0FCB-4016-82B4-B52693DA0C8B}.Debug|Any CPU.ActiveCfg = Debug|Any CPU
		{A867A5BB-0FCB-4016-82B4-B52693DA0C8B}.Debug|Any CPU.Build.0 = Debug|Any CPU
		{A867A5BB-0FCB-4016-82B4-B52693DA0C8B}.Release|Any CPU.ActiveCfg = Release|Any CPU
		{A867A5BB-0FCB-4016-82B4-B52693DA0C8B}.Release|Any CPU.Build.0 = Release|Any CPU
	EndGlobalSection
	GlobalSection(SolutionProperties) = preSolution
		HideSolutionNode = FALSE
	EndGlobalSection
	GlobalSection(ExtensibilityGlobals) = postSolution
		SolutionGuid = {8FEEA17E-DB07-4214-BB20-11A09D086E27}
	EndGlobalSection
EndGlobal
