
Microsoft Visual Studio Solution File, Format Version 12.00
# Visual Studio Version 17
VisualStudioVersion = 17.3.32901.215
MinimumVisualStudioVersion = 10.0.40219.1
Project("{FAE04EC0-301F-11D3-BF4B-00C04F79EFBC}") = "ES22_GestioneModuliWord", "ES22_GestioneModuliWord\ES22_GestioneModuliWord.csproj", "{C2CCFDF0-8E1A-472B-8B91-A7A45DC89A87}"
EndProject
Project("{FAE04EC0-301F-11D3-BF4B-00C04F79EFBC}") = "Es20_WordCSharp", "..\Es20_WordCSharp\Es20_WordCSharp\Es20_WordCSharp.csproj", "{0687B4FE-4E52-4142-BFEB-3CFEB783A998}"
EndProject
Global
	GlobalSection(SolutionConfigurationPlatforms) = preSolution
		Debug|Any CPU = Debug|Any CPU
		Release|Any CPU = Release|Any CPU
	EndGlobalSection
	GlobalSection(ProjectConfigurationPlatforms) = postSolution
		{C2CCFDF0-8E1A-472B-8B91-A7A45DC89A87}.Debug|Any CPU.ActiveCfg = Debug|Any CPU
		{C2CCFDF0-8E1A-472B-8B91-A7A45DC89A87}.Debug|Any CPU.Build.0 = Debug|Any CPU
		{C2CCFDF0-8E1A-472B-8B91-A7A45DC89A87}.Release|Any CPU.ActiveCfg = Release|Any CPU
		{C2CCFDF0-8E1A-472B-8B91-A7A45DC89A87}.Release|Any CPU.Build.0 = Release|Any CPU
		{0687B4FE-4E52-4142-BFEB-3CFEB783A998}.Debug|Any CPU.ActiveCfg = Debug|Any CPU
		{0687B4FE-4E52-4142-BFEB-3CFEB783A998}.Debug|Any CPU.Build.0 = Debug|Any CPU
		{0687B4FE-4E52-4142-BFEB-3CFEB783A998}.Release|Any CPU.ActiveCfg = Release|Any CPU
		{0687B4FE-4E52-4142-BFEB-3CFEB783A998}.Release|Any CPU.Build.0 = Release|Any CPU
	EndGlobalSection
	GlobalSection(SolutionProperties) = preSolution
		HideSolutionNode = FALSE
	EndGlobalSection
	GlobalSection(ExtensibilityGlobals) = postSolution
		SolutionGuid = {C52B98AD-F6FB-43BE-8D03-6198C93738B2}
	EndGlobalSection
EndGlobal
