
Microsoft Visual Studio Solution File, Format Version 12.00
# Visual Studio Version 16
VisualStudioVersion = 16.0.29411.108
MinimumVisualStudioVersion = 10.0.40219.1
Project("{FAE04EC0-301F-11D3-BF4B-00C04F79EFBC}") = "Es13_Regex", "Es13_Regex\Es13_Regex.csproj", "{90E0CF3D-BAF5-463C-A485-21577E8613B5}"
EndProject
Global
	GlobalSection(SolutionConfigurationPlatforms) = preSolution
		Debug|Any CPU = Debug|Any CPU
		Release|Any CPU = Release|Any CPU
	EndGlobalSection
	GlobalSection(ProjectConfigurationPlatforms) = postSolution
		{90E0CF3D-BAF5-463C-A485-21577E8613B5}.Debug|Any CPU.ActiveCfg = Debug|Any CPU
		{90E0CF3D-BAF5-463C-A485-21577E8613B5}.Debug|Any CPU.Build.0 = Debug|Any CPU
		{90E0CF3D-BAF5-463C-A485-21577E8613B5}.Release|Any CPU.ActiveCfg = Release|Any CPU
		{90E0CF3D-BAF5-463C-A485-21577E8613B5}.Release|Any CPU.Build.0 = Release|Any CPU
	EndGlobalSection
	GlobalSection(SolutionProperties) = preSolution
		HideSolutionNode = FALSE
	EndGlobalSection
	GlobalSection(ExtensibilityGlobals) = postSolution
		SolutionGuid = {B503FA6B-C68D-4F66-906A-8FCA4920B38A}
	EndGlobalSection
EndGlobal
