
Microsoft Visual Studio Solution File, Format Version 12.00
# Visual Studio Version 17
VisualStudioVersion = 17.3.32901.215
MinimumVisualStudioVersion = 10.0.40219.1
Project("{FAE04EC0-301F-11D3-BF4B-00C04F79EFBC}") = "threads11 - ProduttoreConsumatoreBufferSingolo", "threads11 - ProduttoreConsumatoreBufferSingolo\threads11 - ProduttoreConsumatoreBufferSingolo.csproj", "{760C60D8-7A61-45FB-A501-05E157874658}"
EndProject
Global
	GlobalSection(SolutionConfigurationPlatforms) = preSolution
		Debug|Any CPU = Debug|Any CPU
		Release|Any CPU = Release|Any CPU
	EndGlobalSection
	GlobalSection(ProjectConfigurationPlatforms) = postSolution
		{760C60D8-7A61-45FB-A501-05E157874658}.Debug|Any CPU.ActiveCfg = Debug|Any CPU
		{760C60D8-7A61-45FB-A501-05E157874658}.Debug|Any CPU.Build.0 = Debug|Any CPU
		{760C60D8-7A61-45FB-A501-05E157874658}.Release|Any CPU.ActiveCfg = Release|Any CPU
		{760C60D8-7A61-45FB-A501-05E157874658}.Release|Any CPU.Build.0 = Release|Any CPU
	EndGlobalSection
	GlobalSection(SolutionProperties) = preSolution
		HideSolutionNode = FALSE
	EndGlobalSection
	GlobalSection(ExtensibilityGlobals) = postSolution
		SolutionGuid = {469554F2-83C8-4B9F-9D73-357F2E7CCCEE}
	EndGlobalSection
EndGlobal
