
Microsoft Visual Studio Solution File, Format Version 12.00
# Visual Studio Version 17
VisualStudioVersion = 17.3.32901.215
MinimumVisualStudioVersion = 10.0.40219.1
Project("{FAE04EC0-301F-11D3-BF4B-00C04F79EFBC}") = "GestioneBibblioteca", "GestioneBibblioteca\GestioneBibblioteca.csproj", "{16C008C0-55EA-42DA-80B7-D2BC4647B2B3}"
EndProject
Global
	GlobalSection(SolutionConfigurationPlatforms) = preSolution
		Debug|Any CPU = Debug|Any CPU
		Release|Any CPU = Release|Any CPU
	EndGlobalSection
	GlobalSection(ProjectConfigurationPlatforms) = postSolution
		{16C008C0-55EA-42DA-80B7-D2BC4647B2B3}.Debug|Any CPU.ActiveCfg = Debug|Any CPU
		{16C008C0-55EA-42DA-80B7-D2BC4647B2B3}.Debug|Any CPU.Build.0 = Debug|Any CPU
		{16C008C0-55EA-42DA-80B7-D2BC4647B2B3}.Release|Any CPU.ActiveCfg = Release|Any CPU
		{16C008C0-55EA-42DA-80B7-D2BC4647B2B3}.Release|Any CPU.Build.0 = Release|Any CPU
	EndGlobalSection
	GlobalSection(SolutionProperties) = preSolution
		HideSolutionNode = FALSE
	EndGlobalSection
	GlobalSection(ExtensibilityGlobals) = postSolution
		SolutionGuid = {0ECB1851-92F9-4A99-9AC1-347C707625FD}
	EndGlobalSection
EndGlobal
